// !$*UTF8*$!
{
	archiveVersion = 1;
	classes = {
	};
	objectVersion = 50;
	objects = {

/* Begin PBXBuildFile section */
		634DC2DE24A560D600D3B239 /* AppDelegate.swift in Sources */ = {isa = PBXBuildFile; fileRef = 634DC2DD24A560D600D3B239 /* AppDelegate.swift */; };
		634DC2E024A560D600D3B239 /* ContentView.swift in Sources */ = {isa = PBXBuildFile; fileRef = 634DC2DF24A560D600D3B239 /* ContentView.swift */; };
		634DC2E224A560D800D3B239 /* Assets.xcassets in Resources */ = {isa = PBXBuildFile; fileRef = 634DC2E124A560D800D3B239 /* Assets.xcassets */; };
		634DC2E524A560D800D3B239 /* Preview Assets.xcassets in Resources */ = {isa = PBXBuildFile; fileRef = 634DC2E424A560D800D3B239 /* Preview Assets.xcassets */; };
		634DC2E824A560D800D3B239 /* Main.storyboard in Resources */ = {isa = PBXBuildFile; fileRef = 634DC2E624A560D800D3B239 /* Main.storyboard */; };
		634DC2F424A560D800D3B239 /* SwiftUIBugTests.swift in Sources */ = {isa = PBXBuildFile; fileRef = 634DC2F324A560D800D3B239 /* SwiftUIBugTests.swift */; };
		634DC2FF24A560D800D3B239 /* SwiftUIBugUITests.swift in Sources */ = {isa = PBXBuildFile; fileRef = 634DC2FE24A560D800D3B239 /* SwiftUIBugUITests.swift */; };
		6387702524AB315C00E83956 /* DatePickerBug.swift in Sources */ = {isa = PBXBuildFile; fileRef = 6387702424AB315C00E83956 /* DatePickerBug.swift */; };
/* End PBXBuildFile section */

/* Begin PBXContainerItemProxy section */
		634DC2F024A560D800D3B239 /* PBXContainerItemProxy */ = {
			isa = PBXContainerItemProxy;
			containerPortal = 634DC2D224A560D600D3B239 /* Project object */;
			proxyType = 1;
			remoteGlobalIDString = 634DC2D924A560D600D3B239;
			remoteInfo = SwiftUIBug;
		};
		634DC2FB24A560D800D3B239 /* PBXContainerItemProxy */ = {
			isa = PBXContainerItemProxy;
			containerPortal = 634DC2D224A560D600D3B239 /* Project object */;
			proxyType = 1;
			remoteGlobalIDString = 634DC2D924A560D600D3B239;
			remoteInfo = SwiftUIBug;
		};
/* End PBXContainerItemProxy section */

/* Begin PBXFileReference section */
		634DC2DA24A560D600D3B239 /* SwiftUIBug.app */ = {isa = PBXFileReference; explicitFileType = wrapper.application; includeInIndex = 0; path = SwiftUIBug.app; sourceTree = BUILT_PRODUCTS_DIR; };
		634DC2DD24A560D600D3B239 /* AppDelegate.swift */ = {isa = PBXFileReference; lastKnownFileType = sourcecode.swift; path = AppDelegate.swift; sourceTree = "<group>"; };
		634DC2DF24A560D600D3B239 /* ContentView.swift */ = {isa = PBXFileReference; lastKnownFileType = sourcecode.swift; path = ContentView.swift; sourceTree = "<group>"; };
		634DC2E124A560D800D3B239 /* Assets.xcassets */ = {isa = PBXFileReference; lastKnownFileType = folder.assetcatalog; path = Assets.xcassets; sourceTree = "<group>"; };
		634DC2E424A560D800D3B239 /* Preview Assets.xcassets */ = {isa = PBXFileReference; lastKnownFileType = folder.assetcatalog; path = "Preview Assets.xcassets"; sourceTree = "<group>"; };
		634DC2E724A560D800D3B239 /* Base */ = {isa = PBXFileReference; lastKnownFileType = file.storyboard; name = Base; path = Base.lproj/Main.storyboard; sourceTree = "<group>"; };
		634DC2E924A560D800D3B239 /* Info.plist */ = {isa = PBXFileReference; lastKnownFileType = text.plist.xml; path = Info.plist; sourceTree = "<group>"; };
		634DC2EA24A560D800D3B239 /* SwiftUIBug.entitlements */ = {isa = PBXFileReference; lastKnownFileType = text.plist.entitlements; path = SwiftUIBug.entitlements; sourceTree = "<group>"; };
		634DC2EF24A560D800D3B239 /* SwiftUIBugTests.xctest */ = {isa = PBXFileReference; explicitFileType = wrapper.cfbundle; includeInIndex = 0; path = SwiftUIBugTests.xctest; sourceTree = BUILT_PRODUCTS_DIR; };
		634DC2F324A560D800D3B239 /* SwiftUIBugTests.swift */ = {isa = PBXFileReference; lastKnownFileType = sourcecode.swift; path = SwiftUIBugTests.swift; sourceTree = "<group>"; };
		634DC2F524A560D800D3B239 /* Info.plist */ = {isa = PBXFileReference; lastKnownFileType = text.plist.xml; path = Info.plist; sourceTree = "<group>"; };
		634DC2FA24A560D800D3B239 /* SwiftUIBugUITests.xctest */ = {isa = PBXFileReference; explicitFileType = wrapper.cfbundle; includeInIndex = 0; path = SwiftUIBugUITests.xctest; sourceTree = BUILT_PRODUCTS_DIR; };
		634DC2FE24A560D800D3B239 /* SwiftUIBugUITests.swift */ = {isa = PBXFileReference; lastKnownFileType = sourcecode.swift; path = SwiftUIBugUITests.swift; sourceTree = "<group>"; };
		634DC30024A560D800D3B239 /* Info.plist */ = {isa = PBXFileReference; lastKnownFileType = text.plist.xml; path = Info.plist; sourceTree = "<group>"; };
		6387702424AB315C00E83956 /* DatePickerBug.swift */ = {isa = PBXFileReference; lastKnownFileType = sourcecode.swift; path = DatePickerBug.swift; sourceTree = "<group>"; };
/* End PBXFileReference section */

/* Begin PBXFrameworksBuildPhase section */
		634DC2D724A560D600D3B239 /* Frameworks */ = {
			isa = PBXFrameworksBuildPhase;
			buildActionMask = 2147483647;
			files = (
			);
			runOnlyForDeploymentPostprocessing = 0;
		};
		634DC2EC24A560D800D3B239 /* Frameworks */ = {
			isa = PBXFrameworksBuildPhase;
			buildActionMask = 2147483647;
			files = (
			);
			runOnlyForDeploymentPostprocessing = 0;
		};
		634DC2F724A560D800D3B239 /* Frameworks */ = {
			isa = PBXFrameworksBuildPhase;
			buildActionMask = 2147483647;
			files = (
			);
			runOnlyForDeploymentPostprocessing = 0;
		};
/* End PBXFrameworksBuildPhase section */

/* Begin PBXGroup section */
		634DC2D124A560D600D3B239 = {
			isa = PBXGroup;
			children = (
				634DC2DC24A560D600D3B239 /* SwiftUIBug */,
				634DC2F224A560D800D3B239 /* SwiftUIBugTests */,
				634DC2FD24A560D800D3B239 /* SwiftUIBugUITests */,
				634DC2DB24A560D600D3B239 /* Products */,
			);
			sourceTree = "<group>";
		};
		634DC2DB24A560D600D3B239 /* Products */ = {
			isa = PBXGroup;
			children = (
				634DC2DA24A560D600D3B239 /* SwiftUIBug.app */,
				634DC2EF24A560D800D3B239 /* SwiftUIBugTests.xctest */,
				634DC2FA24A560D800D3B239 /* SwiftUIBugUITests.xctest */,
			);
			name = Products;
			sourceTree = "<group>";
		};
		634DC2DC24A560D600D3B239 /* SwiftUIBug */ = {
			isa = PBXGroup;
			children = (
				634DC2DD24A560D600D3B239 /* AppDelegate.swift */,
				634DC2DF24A560D600D3B239 /* ContentView.swift */,
				6387702424AB315C00E83956 /* DatePickerBug.swift */,
				634DC2E124A560D800D3B239 /* Assets.xcassets */,
				634DC2E624A560D800D3B239 /* Main.storyboard */,
				634DC2E924A560D800D3B239 /* Info.plist */,
				634DC2EA24A560D800D3B239 /* SwiftUIBug.entitlements */,
				634DC2E324A560D800D3B239 /* Preview Content */,
			);
			path = SwiftUIBug;
			sourceTree = "<group>";
		};
		634DC2E324A560D800D3B239 /* Preview Content */ = {
			isa = PBXGroup;
			children = (
				634DC2E424A560D800D3B239 /* Preview Assets.xcassets */,
			);
			path = "Preview Content";
			sourceTree = "<group>";
		};
		634DC2F224A560D800D3B239 /* SwiftUIBugTests */ = {
			isa = PBXGroup;
			children = (
				634DC2F324A560D800D3B239 /* SwiftUIBugTests.swift */,
				634DC2F524A560D800D3B239 /* Info.plist */,
			);
			path = SwiftUIBugTests;
			sourceTree = "<group>";
		};
		634DC2FD24A560D800D3B239 /* SwiftUIBugUITests */ = {
			isa = PBXGroup;
			children = (
				634DC2FE24A560D800D3B239 /* SwiftUIBugUITests.swift */,
				634DC30024A560D800D3B239 /* Info.plist */,
			);
			path = SwiftUIBugUITests;
			sourceTree = "<group>";
		};
/* End PBXGroup section */

/* Begin PBXNativeTarget section */
		634DC2D924A560D600D3B239 /* SwiftUIBug */ = {
			isa = PBXNativeTarget;
			buildConfigurationList = 634DC30324A560D800D3B239 /* Build configuration list for PBXNativeTarget "SwiftUIBug" */;
			buildPhases = (
				634DC2D624A560D600D3B239 /* Sources */,
				634DC2D724A560D600D3B239 /* Frameworks */,
				634DC2D824A560D600D3B239 /* Resources */,
			);
			buildRules = (
			);
			dependencies = (
			);
			name = SwiftUIBug;
			productName = SwiftUIBug;
			productReference = 634DC2DA24A560D600D3B239 /* SwiftUIBug.app */;
			productType = "com.apple.product-type.application";
		};
		634DC2EE24A560D800D3B239 /* SwiftUIBugTests */ = {
			isa = PBXNativeTarget;
			buildConfigurationList = 634DC30624A560D800D3B239 /* Build configuration list for PBXNativeTarget "SwiftUIBugTests" */;
			buildPhases = (
				634DC2EB24A560D800D3B239 /* Sources */,
				634DC2EC24A560D800D3B239 /* Frameworks */,
				634DC2ED24A560D800D3B239 /* Resources */,
			);
			buildRules = (
			);
			dependencies = (
				634DC2F124A560D800D3B239 /* PBXTargetDependency */,
			);
			name = SwiftUIBugTests;
			productName = SwiftUIBugTests;
			productReference = 634DC2EF24A560D800D3B239 /* SwiftUIBugTests.xctest */;
			productType = "com.apple.product-type.bundle.unit-test";
		};
		634DC2F924A560D800D3B239 /* SwiftUIBugUITests */ = {
			isa = PBXNativeTarget;
			buildConfigurationList = 634DC30924A560D800D3B239 /* Build configuration list for PBXNativeTarget "SwiftUIBugUITests" */;
			buildPhases = (
				634DC2F624A560D800D3B239 /* Sources */,
				634DC2F724A560D800D3B239 /* Frameworks */,
				634DC2F824A560D800D3B239 /* Resources */,
			);
			buildRules = (
			);
			dependencies = (
				634DC2FC24A560D800D3B239 /* PBXTargetDependency */,
			);
			name = SwiftUIBugUITests;
			productName = SwiftUIBugUITests;
			productReference = 634DC2FA24A560D800D3B239 /* SwiftUIBugUITests.xctest */;
			productType = "com.apple.product-type.bundle.ui-testing";
		};
/* End PBXNativeTarget section */

/* Begin PBXProject section */
		634DC2D224A560D600D3B239 /* Project object */ = {
			isa = PBXProject;
			attributes = {
				LastSwiftUpdateCheck = 1150;
				LastUpgradeCheck = 1150;
				ORGANIZATIONNAME = "David B.";
				TargetAttributes = {
					634DC2D924A560D600D3B239 = {
						CreatedOnToolsVersion = 11.5;
					};
					634DC2EE24A560D800D3B239 = {
						CreatedOnToolsVersion = 11.5;
						TestTargetID = 634DC2D924A560D600D3B239;
					};
					634DC2F924A560D800D3B239 = {
						CreatedOnToolsVersion = 11.5;
						TestTargetID = 634DC2D924A560D600D3B239;
					};
				};
			};
			buildConfigurationList = 634DC2D524A560D600D3B239 /* Build configuration list for PBXProject "SwiftUIBug" */;
			compatibilityVersion = "Xcode 9.3";
			developmentRegion = en;
			hasScannedForEncodings = 0;
			knownRegions = (
				en,
				Base,
			);
			mainGroup = 634DC2D124A560D600D3B239;
			productRefGroup = 634DC2DB24A560D600D3B239 /* Products */;
			projectDirPath = "";
			projectRoot = "";
			targets = (
				634DC2D924A560D600D3B239 /* SwiftUIBug */,
				634DC2EE24A560D800D3B239 /* SwiftUIBugTests */,
				634DC2F924A560D800D3B239 /* SwiftUIBugUITests */,
			);
		};
/* End PBXProject section */

/* Begin PBXResourcesBuildPhase section */
		634DC2D824A560D600D3B239 /* Resources */ = {
			isa = PBXResourcesBuildPhase;
			buildActionMask = 2147483647;
			files = (
				634DC2E824A560D800D3B239 /* Main.storyboard in Resources */,
				634DC2E524A560D800D3B239 /* Preview Assets.xcassets in Resources */,
				634DC2E224A560D800D3B239 /* Assets.xcassets in Resources */,
			);
			runOnlyForDeploymentPostprocessing = 0;
		};
		634DC2ED24A560D800D3B239 /* Resources */ = {
			isa = PBXResourcesBuildPhase;
			buildActionMask = 2147483647;
			files = (
			);
			runOnlyForDeploymentPostprocessing = 0;
		};
		634DC2F824A560D800D3B239 /* Resources */ = {
			isa = PBXResourcesBuildPhase;
			buildActionMask = 2147483647;
			files = (
			);
			runOnlyForDeploymentPostprocessing = 0;
		};
/* End PBXResourcesBuildPhase section */

/* Begin PBXSourcesBuildPhase section */
		634DC2D624A560D600D3B239 /* Sources */ = {
			isa = PBXSourcesBuildPhase;
			buildActionMask = 2147483647;
			files = (
				634DC2E024A560D600D3B239 /* ContentView.swift in Sources */,
				634DC2DE24A560D600D3B239 /* AppDelegate.swift in Sources */,
				6387702524AB315C00E83956 /* DatePickerBug.swift in Sources */,
			);
			runOnlyForDeploymentPostprocessing = 0;
		};
		634DC2EB24A560D800D3B239 /* Sources */ = {
			isa = PBXSourcesBuildPhase;
			buildActionMask = 2147483647;
			files = (
				634DC2F424A560D800D3B239 /* SwiftUIBugTests.swift in Sources */,
			);
			runOnlyForDeploymentPostprocessing = 0;
		};
		634DC2F624A560D800D3B239 /* Sources */ = {
			isa = PBXSourcesBuildPhase;
			buildActionMask = 2147483647;
			files = (
				634DC2FF24A560D800D3B239 /* SwiftUIBugUITests.swift in Sources */,
			);
			runOnlyForDeploymentPostprocessing = 0;
		};
/* End PBXSourcesBuildPhase section */

/* Begin PBXTargetDependency section */
		634DC2F124A560D800D3B239 /* PBXTargetDependency */ = {
			isa = PBXTargetDependency;
			target = 634DC2D924A560D600D3B239 /* SwiftUIBug */;
			targetProxy = 634DC2F024A560D800D3B239 /* PBXContainerItemProxy */;
		};
		634DC2FC24A560D800D3B239 /* PBXTargetDependency */ = {
			isa = PBXTargetDependency;
			target = 634DC2D924A560D600D3B239 /* SwiftUIBug */;
			targetProxy = 634DC2FB24A560D800D3B239 /* PBXContainerItemProxy */;
		};
/* End PBXTargetDependency section */

/* Begin PBXVariantGroup section */
		634DC2E624A560D800D3B239 /* Main.storyboard */ = {
			isa = PBXVariantGroup;
			children = (
				634DC2E724A560D800D3B239 /* Base */,
			);
			name = Main.storyboard;
			sourceTree = "<group>";
		};
/* End PBXVariantGroup section */

/* Begin XCBuildConfiguration section */
		634DC30124A560D800D3B239 /* Debug */ = {
			isa = XCBuildConfiguration;
			buildSettings = {
				ALWAYS_SEARCH_USER_PATHS = NO;
				CLANG_ANALYZER_NONNULL = YES;
				CLANG_ANALYZER_NUMBER_OBJECT_CONVERSION = YES_AGGRESSIVE;
				CLANG_CXX_LANGUAGE_STANDARD = "gnu++14";
				CLANG_CXX_LIBRARY = "libc++";
				CLANG_ENABLE_MODULES = YES;
				CLANG_ENABLE_OBJC_ARC = YES;
				CLANG_ENABLE_OBJC_WEAK = YES;
				CLANG_WARN_BLOCK_CAPTURE_AUTORELEASING = YES;
				CLANG_WARN_BOOL_CONVERSION = YES;
				CLANG_WARN_COMMA = YES;
				CLANG_WARN_CONSTANT_CONVERSION = YES;
				CLANG_WARN_DEPRECATED_OBJC_IMPLEMENTATIONS = YES;
				CLANG_WARN_DIRECT_OBJC_ISA_USAGE = YES_ERROR;
				CLANG_WARN_DOCUMENTATION_COMMENTS = YES;
				CLANG_WARN_EMPTY_BODY = YES;
				CLANG_WARN_ENUM_CONVERSION = YES;
				CLANG_WARN_INFINITE_RECURSION = YES;
				CLANG_WARN_INT_CONVERSION = YES;
				CLANG_WARN_NON_LITERAL_NULL_CONVERSION = YES;
				CLANG_WARN_OBJC_IMPLICIT_RETAIN_SELF = YES;
				CLANG_WARN_OBJC_LITERAL_CONVERSION = YES;
				CLANG_WARN_OBJC_ROOT_CLASS = YES_ERROR;
				CLANG_WARN_RANGE_LOOP_ANALYSIS = YES;
				CLANG_WARN_STRICT_PROTOTYPES = YES;
				CLANG_WARN_SUSPICIOUS_MOVE = YES;
				CLANG_WARN_UNGUARDED_AVAILABILITY = YES_AGGRESSIVE;
				CLANG_WARN_UNREACHABLE_CODE = YES;
				CLANG_WARN__DUPLICATE_METHOD_MATCH = YES;
				COPY_PHASE_STRIP = NO;
				DEBUG_INFORMATION_FORMAT = dwarf;
				ENABLE_STRICT_OBJC_MSGSEND = YES;
				ENABLE_TESTABILITY = YES;
				GCC_C_LANGUAGE_STANDARD = gnu11;
				GCC_DYNAMIC_NO_PIC = NO;
				GCC_NO_COMMON_BLOCKS = YES;
				GCC_OPTIMIZATION_LEVEL = 0;
				GCC_PREPROCESSOR_DEFINITIONS = (
					"DEBUG=1",
					"$(inherited)",
				);
				GCC_WARN_64_TO_32_BIT_CONVERSION = YES;
				GCC_WARN_ABOUT_RETURN_TYPE = YES_ERROR;
				GCC_WARN_UNDECLARED_SELECTOR = YES;
				GCC_WARN_UNINITIALIZED_AUTOS = YES_AGGRESSIVE;
				GCC_WARN_UNUSED_FUNCTION = YES;
				GCC_WARN_UNUSED_VARIABLE = YES;
				MACOSX_DEPLOYMENT_TARGET = 10.15;
				MTL_ENABLE_DEBUG_INFO = INCLUDE_SOURCE;
				MTL_FAST_MATH = YES;
				ONLY_ACTIVE_ARCH = YES;
				SDKROOT = macosx;
				SWIFT_ACTIVE_COMPILATION_CONDITIONS = DEBUG;
				SWIFT_OPTIMIZATION_LEVEL = "-Onone";
			};
			name = Debug;
		};
		634DC30224A560D800D3B239 /* Release */ = {
			isa = XCBuildConfiguration;
			buildSettings = {
				ALWAYS_SEARCH_USER_PATHS = NO;
				CLANG_ANALYZER_NONNULL = YES;
				CLANG_ANALYZER_NUMBER_OBJECT_CONVERSION = YES_AGGRESSIVE;
				CLANG_CXX_LANGUAGE_STANDARD = "gnu++14";
				CLANG_CXX_LIBRARY = "libc++";
				CLANG_ENABLE_MODULES = YES;
				CLANG_ENABLE_OBJC_ARC = YES;
				CLANG_ENABLE_OBJC_WEAK = YES;
				CLANG_WARN_BLOCK_CAPTURE_AUTORELEASING = YES;
				CLANG_WARN_BOOL_CONVERSION = YES;
				CLANG_WARN_COMMA = YES;
				CLANG_WARN_CONSTANT_CONVERSION = YES;
				CLANG_WARN_DEPRECATED_OBJC_IMPLEMENTATIONS = YES;
				CLANG_WARN_DIRECT_OBJC_ISA_USAGE = YES_ERROR;
				CLANG_WARN_DOCUMENTATION_COMMENTS = YES;
				CLANG_WARN_EMPTY_BODY = YES;
				CLANG_WARN_ENUM_CONVERSION = YES;
				CLANG_WARN_INFINITE_RECURSION = YES;
				CLANG_WARN_INT_CONVERSION = YES;
				CLANG_WARN_NON_LITERAL_NULL_CONVERSION = YES;
				CLANG_WARN_OBJC_IMPLICIT_RETAIN_SELF = YES;
				CLANG_WARN_OBJC_LITERAL_CONVERSION = YES;
				CLANG_WARN_OBJC_ROOT_CLASS = YES_ERROR;
				CLANG_WARN_RANGE_LOOP_ANALYSIS = YES;
				CLANG_WARN_STRICT_PROTOTYPES = YES;
				CLANG_WARN_SUSPICIOUS_MOVE = YES;
				CLANG_WARN_UNGUARDED_AVAILABILITY = YES_AGGRESSIVE;
				CLANG_WARN_UNREACHABLE_CODE = YES;
				CLANG_WARN__DUPLICATE_METHOD_MATCH = YES;
				COPY_PHASE_STRIP = NO;
				DEBUG_INFORMATION_FORMAT = "dwarf-with-dsym";
				ENABLE_NS_ASSERTIONS = NO;
				ENABLE_STRICT_OBJC_MSGSEND = YES;
				GCC_C_LANGUAGE_STANDARD = gnu11;
				GCC_NO_COMMON_BLOCKS = YES;
				GCC_WARN_64_TO_32_BIT_CONVERSION = YES;
				GCC_WARN_ABOUT_RETURN_TYPE = YES_ERROR;
				GCC_WARN_UNDECLARED_SELECTOR = YES;
				GCC_WARN_UNINITIALIZED_AUTOS = YES_AGGRESSIVE;
				GCC_WARN_UNUSED_FUNCTION = YES;
				GCC_WARN_UNUSED_VARIABLE = YES;
				MACOSX_DEPLOYMENT_TARGET = 10.15;
				MTL_ENABLE_DEBUG_INFO = NO;
				MTL_FAST_MATH = YES;
				SDKROOT = macosx;
				SWIFT_COMPILATION_MODE = wholemodule;
				SWIFT_OPTIMIZATION_LEVEL = "-O";
			};
			name = Release;
		};
		634DC30424A560D800D3B239 /* Debug */ = {
			isa = XCBuildConfiguration;
			buildSettings = {
				ASSETCATALOG_COMPILER_APPICON_NAME = AppIcon;
				CODE_SIGN_ENTITLEMENTS = SwiftUIBug/SwiftUIBug.entitlements;
				CODE_SIGN_STYLE = Automatic;
				COMBINE_HIDPI_IMAGES = YES;
				DEVELOPMENT_ASSET_PATHS = "\"SwiftUIBug/Preview Content\"";
				ENABLE_PREVIEWS = YES;
				INFOPLIST_FILE = SwiftUIBug/Info.plist;
				LD_RUNPATH_SEARCH_PATHS = (
					"$(inherited)",
					"@executable_path/../Frameworks",
				);
				MACOSX_DEPLOYMENT_TARGET = 10.15;
				PRODUCT_BUNDLE_IDENTIFIER = dbstudios.SwiftUIBug;
				PRODUCT_NAME = "$(TARGET_NAME)";
				SWIFT_VERSION = 5.0;
			};
			name = Debug;
		};
		634DC30524A560D800D3B239 /* Release */ = {
			isa = XCBuildConfiguration;
			buildSettings = {
				ASSETCATALOG_COMPILER_APPICON_NAME = AppIcon;
				CODE_SIGN_ENTITLEMENTS = SwiftUIBug/SwiftUIBug.entitlements;
				CODE_SIGN_STYLE = Automatic;
				COMBINE_HIDPI_IMAGES = YES;
				DEVELOPMENT_ASSET_PATHS = "\"SwiftUIBug/Preview Content\"";
				ENABLE_PREVIEWS = YES;
				INFOPLIST_FILE = SwiftUIBug/Info.plist;
				LD_RUNPATH_SEARCH_PATHS = (
					"$(inherited)",
					"@executable_path/../Frameworks",
				);
				MACOSX_DEPLOYMENT_TARGET = 10.15;
				PRODUCT_BUNDLE_IDENTIFIER = dbstudios.SwiftUIBug;
				PRODUCT_NAME = "$(TARGET_NAME)";
				SWIFT_VERSION = 5.0;
			};
			name = Release;
		};
		634DC30724A560D800D3B239 /* Debug */ = {
			isa = XCBuildConfiguration;
			buildSettings = {
				ALWAYS_EMBED_SWIFT_STANDARD_LIBRARIES = YES;
				BUNDLE_LOADER = "$(TEST_HOST)";
				CODE_SIGN_STYLE = Automatic;
				COMBINE_HIDPI_IMAGES = YES;
				INFOPLIST_FILE = SwiftUIBugTests/Info.plist;
				LD_RUNPATH_SEARCH_PATHS = (
					"$(inherited)",
					"@executable_path/../Frameworks",
					"@loader_path/../Frameworks",
				);
				MACOSX_DEPLOYMENT_TARGET = 10.15;
				PRODUCT_BUNDLE_IDENTIFIER = dbstudios.SwiftUIBugTests;
				PRODUCT_NAME = "$(TARGET_NAME)";
				SWIFT_VERSION = 5.0;
				TEST_HOST = "$(BUILT_PRODUCTS_DIR)/SwiftUIBug.app/Contents/MacOS/SwiftUIBug";
			};
			name = Debug;
		};
		634DC30824A560D800D3B239 /* Release */ = {
			isa = XCBuildConfiguration;
			buildSettings = {
				ALWAYS_EMBED_SWIFT_STANDARD_LIBRARIES = YES;
				BUNDLE_LOADER = "$(TEST_HOST)";
				CODE_SIGN_STYLE = Automatic;
				COMBINE_HIDPI_IMAGES = YES;
				INFOPLIST_FILE = SwiftUIBugTests/Info.plist;
				LD_RUNPATH_SEARCH_PATHS = (
					"$(inherited)",
					"@executable_path/../Frameworks",
					"@loader_path/../Frameworks",
				);
				MACOSX_DEPLOYMENT_TARGET = 10.15;
				PRODUCT_BUNDLE_IDENTIFIER = dbstudios.SwiftUIBugTests;
				PRODUCT_NAME = "$(TARGET_NAME)";
				SWIFT_VERSION = 5.0;
				TEST_HOST = "$(BUILT_PRODUCTS_DIR)/SwiftUIBug.app/Contents/MacOS/SwiftUIBug";
			};
			name = Release;
		};
		634DC30A24A560D800D3B239 /* Debug */ = {
			isa = XCBuildConfiguration;
			buildSettings = {
				ALWAYS_EMBED_SWIFT_STANDARD_LIBRARIES = YES;
				CODE_SIGN_STYLE = Automatic;
				COMBINE_HIDPI_IMAGES = YES;
				INFOPLIST_FILE = SwiftUIBugUITests/Info.plist;
				LD_RUNPATH_SEARCH_PATHS = (
					"$(inherited)",
					"@executable_path/../Frameworks",
					"@loader_path/../Frameworks",
				);
				PRODUCT_BUNDLE_IDENTIFIER = dbstudios.SwiftUIBugUITests;
				PRODUCT_NAME = "$(TARGET_NAME)";
				SWIFT_VERSION = 5.0;
				TEST_TARGET_NAME = SwiftUIBug;
			};
			name = Debug;
		};
		634DC30B24A560D800D3B239 /* Release */ = {
			isa = XCBuildConfiguration;
			buildSettings = {
				ALWAYS_EMBED_SWIFT_STANDARD_LIBRARIES = YES;
				CODE_SIGN_STYLE = Automatic;
				COMBINE_HIDPI_IMAGES = YES;
				INFOPLIST_FILE = SwiftUIBugUITests/Info.plist;
				LD_RUNPATH_SEARCH_PATHS = (
					"$(inherited)",
					"@executable_path/../Frameworks",
					"@loader_path/../Frameworks",
				);
				PRODUCT_BUNDLE_IDENTIFIER = dbstudios.SwiftUIBugUITests;
				PRODUCT_NAME = "$(TARGET_NAME)";
				SWIFT_VERSION = 5.0;
				TEST_TARGET_NAME = SwiftUIBug;
			};
			name = Release;
		};
/* End XCBuildConfiguration section */

/* Begin XCConfigurationList section */
		634DC2D524A560D600D3B239 /* Build configuration list for PBXProject "SwiftUIBug" */ = {
			isa = XCConfigurationList;
			buildConfigurations = (
				634DC30124A560D800D3B239 /* Debug */,
				634DC30224A560D800D3B239 /* Release */,
			);
			defaultConfigurationIsVisible = 0;
			defaultConfigurationName = Release;
		};
		634DC30324A560D800D3B239 /* Build configuration list for PBXNativeTarget "SwiftUIBug" */ = {
			isa = XCConfigurationList;
			buildConfigurations = (
				634DC30424A560D800D3B239 /* Debug */,
				634DC30524A560D800D3B239 /* Release */,
			);
			defaultConfigurationIsVisible = 0;
			defaultConfigurationName = Release;
		};
		634DC30624A560D800D3B239 /* Build configuration list for PBXNativeTarget "SwiftUIBugTests" */ = {
			isa = XCConfigurationList;
			buildConfigurations = (
				634DC30724A560D800D3B239 /* Debug */,
				634DC30824A560D800D3B239 /* Release */,
			);
			defaultConfigurationIsVisible = 0;
			defaultConfigurationName = Release;
		};
		634DC30924A560D800D3B239 /* Build configuration list for PBXNativeTarget "SwiftUIBugUITests" */ = {
			isa = XCConfigurationList;
			buildConfigurations = (
				634DC30A24A560D800D3B239 /* Debug */,
				634DC30B24A560D800D3B239 /* Release */,
			);
			defaultConfigurationIsVisible = 0;
			defaultConfigurationName = Release;
		};
/* End XCConfigurationList section */
	};
	rootObject = 634DC2D224A560D600D3B239 /* Project object */;
}
